
Microsoft Visual Studio Solution File, Format Version 12.00
# Visual Studio Version 17
VisualStudioVersion = 17.9.34622.214
MinimumVisualStudioVersion = 10.0.40219.1
Project("{FAE04EC0-301F-11D3-BF4B-00C04F79EFBC}") = "quiz-game", "quiz-game\quiz-game.csproj", "{323B145D-384F-4753-9EE0-A401E9CA852C}"
EndProject
Global
	GlobalSection(SolutionConfigurationPlatforms) = preSolution
		Debug|Any CPU = Debug|Any CPU
		Release|Any CPU = Release|Any CPU
	EndGlobalSection
	GlobalSection(ProjectConfigurationPlatforms) = postSolution
		{323B145D-384F-4753-9EE0-A401E9CA852C}.Debug|Any CPU.ActiveCfg = Debug|Any CPU
		{323B145D-384F-4753-9EE0-A401E9CA852C}.Debug|Any CPU.Build.0 = Debug|Any CPU
		{323B145D-384F-4753-9EE0-A401E9CA852C}.Release|Any CPU.ActiveCfg = Release|Any CPU
		{323B145D-384F-4753-9EE0-A401E9CA852C}.Release|Any CPU.Build.0 = Release|Any CPU
	EndGlobalSection
	GlobalSection(SolutionProperties) = preSolution
		HideSolutionNode = FALSE
	EndGlobalSection
	GlobalSection(ExtensibilityGlobals) = postSolution
		SolutionGuid = {68122DF3-FE52-48EC-9703-3EC385B7A4BF}
	EndGlobalSection
EndGlobal
